version: 7
platforms:
- name: win-64
  virtual-packages:
  - __win=10.0
  - __archspec=0=x86_64
environments:
  default:
    channels:
    - url: https://conda.anaconda.org/conda-forge/
    packages:
      win-64:
      - conda: https://conda.anaconda.org/conda-forge/noarch/_python_abi3_support-1.0-hd8ed1ab_3.conda
      - conda: https://conda.anaconda.org/conda-forge/noarch/argcomplete-3.7.2-pyhcf101f3_0.conda
      - conda: https://conda.anaconda.org/conda-forge/noarch/ca-certificates-2026.7.22-h4c7d964_0.conda
      - conda: https://conda.anaconda.org/conda-forge/noarch/colorama-0.4.6-pyhd8ed1ab_1.conda
      - conda: https://conda.anaconda.org/conda-forge/noarch/cpython-3.13.15-py313hd8ed1ab_103.conda
      - conda: https://conda.anaconda.org/conda-forge/noarch/decli-0.6.3-pyhd8ed1ab_0.conda
      - conda: https://conda.anaconda.org/conda-forge/noarch/defusedxml-0.7.1-pyhd8ed1ab_0.tar.bz2
      - conda: https://conda.anaconda.org/conda-forge/noarch/deprecated-1.3.1-pyhd8ed1ab_1.conda
      - conda: https://conda.anaconda.org/conda-forge/noarch/exceptiongroup-1.3.1-pyhd8ed1ab_0.conda
      - conda: https://conda.anaconda.org/conda-forge/noarch/flake8-7.4.1-pyhd8ed1ab_0.conda
      - conda: https://conda.anaconda.org/conda-forge/noarch/iniconfig-2.3.0-pyhd8ed1ab_0.conda
      - conda: https://conda.anaconda.org/conda-forge/noarch/jinja2-3.1.6-pyhcf101f3_1.conda
      - conda: https://conda.anaconda.org/conda-forge/noarch/mccabe-0.7.0-pyhd8ed1ab_1.conda
      - conda: https://conda.anaconda.org/conda-forge/noarch/mypy_extensions-1.1.0-pyha770c72_0.conda
      - conda: https://conda.anaconda.org/conda-forge/noarch/packaging-26.3-pyhc364b38_0.conda
      - conda: https://conda.anaconda.org/conda-forge/noarch/pathspec-1.1.1-pyhd8ed1ab_0.conda
      - conda: https://conda.anaconda.org/conda-forge/noarch/pluggy-1.6.0-pyhf9edf01_1.conda
      - conda: https://conda.anaconda.org/conda-forge/noarch/prompt-toolkit-3.0.53-pyha770c72_0.conda
      - conda: https://conda.anaconda.org/conda-forge/noarch/prompt_toolkit-3.0.53-hd8ed1ab_0.conda
      - conda: https://conda.anaconda.org/conda-forge/noarch/pycodestyle-2.15.0-pyh5ded981_0.conda
      - conda: https://conda.anaconda.org/conda-forge/noarch/pyflakes-4.0.1-pyhd8ed1ab_0.conda
      - conda: https://conda.anaconda.org/conda-forge/noarch/pygments-2.21.0-pyhcf101f3_0.conda
      - conda: https://conda.anaconda.org/conda-forge/noarch/pytest-9.1.1-pyhc364b38_2.conda
      - conda: https://conda.anaconda.org/conda-forge/noarch/python-abi3-3.13-hdb156c7_3.conda
      - conda: https://conda.anaconda.org/conda-forge/noarch/python-gil-3.13.15-h4df99d1_103.conda
      - conda: https://conda.anaconda.org/conda-forge/noarch/python_abi-3.13-9_cp313.conda
      - conda: https://conda.anaconda.org/conda-forge/noarch/questionary-2.1.1-pyhd8ed1ab_0.conda
      - conda: https://conda.anaconda.org/conda-forge/noarch/termcolor-3.3.0-pyhd8ed1ab_0.conda
      - conda: https://conda.anaconda.org/conda-forge/noarch/tomli-2.4.1-pyhcf101f3_0.conda
      - conda: https://conda.anaconda.org/conda-forge/noarch/tomlkit-0.15.1-pyhcf101f3_0.conda
      - conda: https://conda.anaconda.org/conda-forge/noarch/typing_extensions-4.16.0-pyhcf101f3_0.conda
      - conda: https://conda.anaconda.org/conda-forge/noarch/tzdata-2026c-h151e31d_0.conda
      - conda: https://conda.anaconda.org/conda-forge/win-64/ast-serialize-0.12.0-py311h66afae6_0.conda
      - conda: https://conda.anaconda.org/conda-forge/win-64/bzip2-1.0.8-h0ad9c76_10.conda
      - conda: https://conda.anaconda.org/conda-forge/win-64/charset-normalizer-3.5.2-h308a848_0.conda
      - conda: https://conda.anaconda.org/conda-forge/win-64/commitizen-4.19.0-py313hfa70ccb_1.conda
      - conda: https://conda.anaconda.org/conda-forge/win-64/libexpat-2.8.5-hac47afa_0.conda
      - conda: https://conda.anaconda.org/conda-forge/win-64/libffi-3.7.0-h3d046cb_1.conda
      - conda: https://conda.anaconda.org/conda-forge/win-64/liblzma-5.8.3-hfd05255_1.conda
      - conda: https://conda.anaconda.org/conda-forge/win-64/libmpdec-4.0.0-hfd05255_2.conda
      - conda: https://conda.anaconda.org/conda-forge/win-64/libpython-3.13.15-h4f90d01_103_cp313.conda
      - conda: https://conda.anaconda.org/conda-forge/win-64/libsqlite-3.53.4-hf5d6505_1.conda
      - conda: https://conda.anaconda.org/conda-forge/win-64/libzlib-1.3.2-hfd05255_3.conda
      - conda: https://conda.anaconda.org/conda-forge/win-64/markupsafe-3.0.4-py313hd650c13_0.conda
      - conda: https://conda.anaconda.org/conda-forge/win-64/mypy-2.4.0-py313h5fd188c_0.conda
      - conda: https://conda.anaconda.org/conda-forge/win-64/openssl-3.6.5-hf411b9b_0.conda
      - conda: https://conda.anaconda.org/conda-forge/win-64/psutil-7.2.2-py313h5fd188c_3.conda
      - conda: https://conda.anaconda.org/conda-forge/win-64/python-3.13.15-h254dcb4_103_cp313.conda
      - conda: https://conda.anaconda.org/conda-forge/win-64/python-librt-0.16.0-py313h5fd188c_0.conda
      - conda: https://conda.anaconda.org/conda-forge/win-64/pyyaml-6.0.3-py313hd650c13_1.conda
      - conda: https://conda.anaconda.org/conda-forge/win-64/tk-8.6.13-h967ab96_4.conda
      - conda: https://conda.anaconda.org/conda-forge/win-64/ucrt-10.0.26100.0-h57928b3_0.conda
      - conda: https://conda.anaconda.org/conda-forge/win-64/vc-14.5-ha367084_41.conda
      - conda: https://conda.anaconda.org/conda-forge/win-64/vc14_runtime-14.51.36247-habf1de7_41.conda
      - conda: https://conda.anaconda.org/conda-forge/win-64/vcomp14-14.51.36247-habf1de7_41.conda
      - conda: https://conda.anaconda.org/conda-forge/win-64/wcwidth-0.9.1-py311hdbcae8a_3.conda
      - conda: https://conda.anaconda.org/conda-forge/win-64/wrapt-2.5.0-py313h5fd188c_0.conda
      - conda: https://conda.anaconda.org/conda-forge/win-64/yaml-0.2.5-h6a83c73_3.conda
packages:
- conda: https://conda.anaconda.org/conda-forge/noarch/_python_abi3_support-1.0-hd8ed1ab_3.conda
  sha256: 2a7204314663eeda5dec482a956f0e2eaf289bd5b9953eaaaad0e81aa64638f2
  md5: 3845f3d75991bae0fb90884662f4327c
  depends:
  - cpython
  - python-gil
  license: MIT
  license_family: MIT
  purls: []
  run_exports: {}
  size: 8144
  timestamp: 1784221492234
- conda: https://conda.anaconda.org/conda-forge/noarch/argcomplete-3.7.2-pyhcf101f3_0.conda
  sha256: 7a0e771e709b1620a914ba8a9590433c4a9fd84779d137216ac29ca50e959a1f
  md5: 5185c9f9742daeffae5daae93c802bf7
  depends:
  - python >=3.10
  - python
  license: Apache-2.0
  license_family: APACHE
  purls:
  - pkg:pypi/argcomplete?source=hash-mapping
  run_exports: {}
  size: 47150
  timestamp: 1786180543999
- conda: https://conda.anaconda.org/conda-forge/noarch/ca-certificates-2026.7.22-h4c7d964_0.conda
  sha256: 95e8e74062a5fe5f870ac8c90302b6e89945165fdaed7810606e84ddee6aac12
  md5: e27d2ac27b096dc51fedfcf775a53f9b
  depends:
  - __win
  license: ISC
  purls: []
  run_exports: {}
  size: 132136
  timestamp: 1784754918886
- conda: https://conda.anaconda.org/conda-forge/noarch/colorama-0.4.6-pyhd8ed1ab_1.conda
  sha256: ab29d57dc70786c1269633ba3dff20288b81664d3ff8d21af995742e2bb03287
  md5: 962b9857ee8e7018c22f2776ffa0b2d7
  depends:
  - python >=3.9
  license: BSD-3-Clause
  license_family: BSD
  purls:
  - pkg:pypi/colorama?source=hash-mapping
  run_exports: {}
  size: 27011
  timestamp: 1733218222191
- conda: https://conda.anaconda.org/conda-forge/noarch/cpython-3.13.15-py313hd8ed1ab_103.conda
  noarch: generic
  sha256: c46fe2993a44cfa59e2d7673d77ce29c5bbc72b73e2597d58536eff7c196e57c
  md5: 23f5019df9a1d2287cb99af4c81ca8d2
  depends:
  - python >=3.13,<3.14.0a0
  - python_abi * *_cp313
  license: Python-2.0
  purls: []
  run_exports: {}
  size: 49553
  timestamp: 1788386188585
- conda: https://conda.anaconda.org/conda-forge/noarch/decli-0.6.3-pyhd8ed1ab_0.conda
  sha256: fea36c409534882d6dc724312833db2a6ecf7adc268a2fa7fc0c5cc66b554dab
  md5: be08df21a103c765f7f38fcc5b4df4b4
  depends:
  - python >=3.9
  license: MIT
  license_family: MIT
  purls:
  - pkg:pypi/decli?source=hash-mapping
  run_exports: {}
  size: 14182
  timestamp: 1748864502223
- conda: https://conda.anaconda.org/conda-forge/noarch/defusedxml-0.7.1-pyhd8ed1ab_0.tar.bz2
  sha256: 9717a059677553562a8f38ff07f3b9f61727bd614f505658b0a5ecbcf8df89be
  md5: 961b3a227b437d82ad7054484cfa71b2
  depends:
  - python >=3.6
  license: PSF-2.0
  license_family: PSF
  purls:
  - pkg:pypi/defusedxml?source=hash-mapping
  run_exports: {}
  size: 24062
  timestamp: 1615232388757
- conda: https://conda.anaconda.org/conda-forge/noarch/deprecated-1.3.1-pyhd8ed1ab_1.conda
  sha256: 7d57a7b8266043ffb99d092ebc25e89a0a2490bed4146b9432c83c2c476fa94d
  md5: 5498feb783ab29db6ca8845f68fa0f03
  depends:
  - python >=3.10
  - wrapt <3,>=1.10
  license: MIT
  license_family: MIT
  purls:
  - pkg:pypi/deprecated?source=hash-mapping
  run_exports: {}
  size: 15896
  timestamp: 1768934186726
- conda: https://conda.anaconda.org/conda-forge/noarch/exceptiongroup-1.3.1-pyhd8ed1ab_0.conda
  sha256: ee6cf346d017d954255bbcbdb424cddea4d14e4ed7e9813e429db1d795d01144
  md5: 8e662bd460bda79b1ea39194e3c4c9ab
  depends:
  - python >=3.10
  - typing_extensions >=4.6.0
  license: MIT and PSF-2.0
  purls:
  - pkg:pypi/exceptiongroup?source=hash-mapping
  run_exports: {}
  size: 21333
  timestamp: 1763918099466
- conda: https://conda.anaconda.org/conda-forge/noarch/flake8-7.4.1-pyhd8ed1ab_0.conda
  sha256: 990c166a4f8098ef0059ba67314b40e0871cd98f2a3d83815e5f6a773a345e9f
  md5: f4d07684b7bc06e5072000caa73ec0f4
  depends:
  - mccabe >=0.7.0,<0.8.0
  - pycodestyle >=2.15.0,<2.16.0
  - pyflakes >=4.0.0,<4.1.0
  - python >=3.11
  license: MIT
  license_family: MIT
  purls:
  - pkg:pypi/flake8?source=compressed-mapping
  run_exports: {}
  size: 112708
  timestamp: 1790372802431
- conda: https://conda.anaconda.org/conda-forge/noarch/iniconfig-2.3.0-pyhd8ed1ab_0.conda
  sha256: e1a9e3b1c8fe62dc3932a616c284b5d8cbe3124bbfbedcf4ce5c828cb166ee19
  md5: 9614359868482abba1bd15ce465e3c42
  depends:
  - python >=3.10
  license: MIT
  license_family: MIT
  purls:
  - pkg:pypi/iniconfig?source=hash-mapping
  run_exports: {}
  size: 13387
  timestamp: 1760831448842
- conda: https://conda.anaconda.org/conda-forge/noarch/jinja2-3.1.6-pyhcf101f3_1.conda
  sha256: fc9ca7348a4f25fed2079f2153ecdcf5f9cf2a0bc36c4172420ca09e1849df7b
  md5: 04558c96691bed63104678757beb4f8d
  depends:
  - markupsafe >=2.0
  - python >=3.10
  - python
  license: BSD-3-Clause
  license_family: BSD
  purls:
  - pkg:pypi/jinja2?source=hash-mapping
  run_exports: {}
  size: 120685
  timestamp: 1764517220861
- conda: https://conda.anaconda.org/conda-forge/noarch/mccabe-0.7.0-pyhd8ed1ab_1.conda
  sha256: 9b0037171dad0100f0296699a11ae7d355237b55f42f9094aebc0f41512d96a1
  md5: 827064ddfe0de2917fb29f1da4f8f533
  depends:
  - python >=3.9
  license: MIT
  license_family: MIT
  purls:
  - pkg:pypi/mccabe?source=hash-mapping
  run_exports: {}
  size: 12934
  timestamp: 1733216573915
- conda: https://conda.anaconda.org/conda-forge/noarch/mypy_extensions-1.1.0-pyha770c72_0.conda
  sha256: 6ed158e4e5dd8f6a10ad9e525631e35cee8557718f83de7a4e3966b1f772c4b1
  md5: e9c622e0d00fa24a6292279af3ab6d06
  depends:
  - python >=3.9
  license: MIT
  license_family: MIT
  purls:
  - pkg:pypi/mypy-extensions?source=hash-mapping
  run_exports: {}
  size: 11766
  timestamp: 1745776666688
- conda: https://conda.anaconda.org/conda-forge/noarch/packaging-26.3-pyhc364b38_0.conda
  sha256: c432626b16768b8dab228bfb706f7060c2d462a21c516d240f68f2f902b5a044
  md5: 936687ed80f295a1f5dbcf8bd34c252c
  depends:
  - python >=3.9
  - python
  license: Apache-2.0
  license_family: APACHE
  purls:
  - pkg:pypi/packaging?source=hash-mapping
  run_exports: {}
  size: 116363
  timestamp: 1785888127370
- conda: https://conda.anaconda.org/conda-forge/noarch/pathspec-1.1.1-pyhd8ed1ab_0.conda
  sha256: 6eaee417d33f298db79bc7185ab1208604c0e6cf51dade34cd513c6f9db9c6f3
  md5: 11adc78451c998c0fd162584abfa3559
  depends:
  - python >=3.10
  license: MPL-2.0
  license_family: MOZILLA
  purls:
  - pkg:pypi/pathspec?source=hash-mapping
  run_exports: {}
  size: 56559
  timestamp: 1777271601895
- conda: https://conda.anaconda.org/conda-forge/noarch/pluggy-1.6.0-pyhf9edf01_1.conda
  sha256: e14aafa63efa0528ca99ba568eaf506eb55a0371d12e6250aaaa61718d2eb62e
  md5: d7585b6550ad04c8c5e21097ada2888e
  depends:
  - python >=3.9
  - python
  license: MIT
  license_family: MIT
  purls:
  - pkg:pypi/pluggy?source=hash-mapping
  run_exports: {}
  size: 25877
  timestamp: 1764896838868
- conda: https://conda.anaconda.org/conda-forge/noarch/prompt-toolkit-3.0.53-pyha770c72_0.conda
  sha256: efe8def2c93aa34cd8d3c9af1dc4c7d312791cf769d8b2b615e32733e6df6051
  md5: 39c92a39517316e5001d645ae63d9ab9
  depends:
  - python >=3.10
  - wcwidth
  constrains:
  - prompt_toolkit 3.0.53
  license: BSD-3-Clause
  license_family: BSD
  purls:
  - pkg:pypi/prompt-toolkit?source=hash-mapping
  run_exports: {}
  size: 276081
  timestamp: 1785160613307
- conda: https://conda.anaconda.org/conda-forge/noarch/prompt_toolkit-3.0.53-hd8ed1ab_0.conda
  sha256: 59628c765189e99ca5d3c51f0758a325bc020dfafb8fef6068045595aaae1baf
  md5: 4c7171dde29a2f2b1dac681c1154a291
  depends:
  - prompt-toolkit >=3.0.53,<3.0.54.0a0
  license: BSD-3-Clause
  license_family: BSD
  purls: []
  run_exports: {}
  size: 7083
  timestamp: 1785160614678
- conda: https://conda.anaconda.org/conda-forge/noarch/pycodestyle-2.15.0-pyh5ded981_0.conda
  sha256: a1a7373d58dcff0570da5f8b5834b0fc9474a09dd27602c9621c126dc018342a
  md5: 6ac7726367d7b5b7378630d2e0ef94e6
  depends:
  - python >=3.11
  - python
  license: MIT
  license_family: MIT
  purls:
  - pkg:pypi/pycodestyle?source=compressed-mapping
  run_exports: {}
  size: 36832
  timestamp: 1790193282432
- conda: https://conda.anaconda.org/conda-forge/noarch/pyflakes-4.0.1-pyhd8ed1ab_0.conda
  sha256: 43fd976870c8c0b159f95eb934a9bdaaef6dbae0ffc11f8f72d00f54a9dbf8ba
  md5: 0dbedfc446647c57fa35953bd242a719
  depends:
  - python >=3.11
  license: MIT
  license_family: MIT
  purls:
  - pkg:pypi/pyflakes?source=compressed-mapping
  run_exports: {}
  size: 62565
  timestamp: 1790810522797
- conda: https://conda.anaconda.org/conda-forge/noarch/pygments-2.21.0-pyhcf101f3_0.conda
  sha256: f5f015ff1bc3e1b7fc08eee096b1865234189ae0b82bebdb86a5369116e42fa0
  md5: 2882dee445dfa45b0c5afce3ffb7730a
  depends:
  - python >=3.10
  - python
  license: BSD-2-Clause
  license_family: BSD
  purls:
  - pkg:pypi/pygments?source=compressed-mapping
  run_exports: {}
  size: 959376
  timestamp: 1786995678795
- conda: https://conda.anaconda.org/conda-forge/noarch/pytest-9.1.1-pyhc364b38_2.conda
  sha256: 430051d80765207a7d782b2b188230ba1489d35c6e75fd9903f76cb9fda4af16
  md5: 64c98a12c4e23eb238bf66bbecafdf3c
  depends:
  - colorama
  - pygments >=2.7.2
  - python >=3.10
  - iniconfig >=1.0.1
  - packaging >=22
  - pluggy >=1.5,<2
  - tomli >=1
  - exceptiongroup >=1
  - python
  constrains:
  - pytest-faulthandler >=2
  license: MIT
  license_family: MIT
  purls:
  - pkg:pypi/pytest?source=hash-mapping
  run_exports: {}
  size: 306724
  timestamp: 1782127176429
- conda: https://conda.anaconda.org/conda-forge/noarch/python-abi3-3.13-hdb156c7_3.conda
  sha256: 95be80819d4d9729dc6a24573172d43a30bd46cc10e2d929a5b22ca34297c95d
  md5: 304a97d54bbd9c912917424b0b40119f
  depends:
  - __win
  - _python_abi3_support
  - python 3.13.*
  license: MIT
  license_family: MIT
  purls: []
  run_exports:
    weak:
    - _python_abi3_support 1.*
    - cpython >=3.13
  size: 8554
  timestamp: 1784221588365
- conda: https://conda.anaconda.org/conda-forge/noarch/python-gil-3.13.15-h4df99d1_103.conda
  sha256: ce01f8f3c9fde229b26e0d37b85e1566bb32fcf26750af95d6313b4a369775c3
  md5: 86d251460e192368d2982e5b0dcad798
  depends:
  - cpython 3.13.15.*
  - python_abi * *_cp313
  license: Python-2.0
  purls: []
  run_exports: {}
  size: 49529
  timestamp: 1788386202638
- conda: https://conda.anaconda.org/conda-forge/noarch/python_abi-3.13-9_cp313.conda
  build_number: 9
  sha256: 9dc0cb6a20ebc7e9bcd8c6868f2bec083c114b0ba20b7118405c036533d5c522
  md5: c5abc97af551bc12d71305852392f75c
  constrains:
  - python 3.13.* *_cp313
  license: BSD-3-Clause
  license_family: BSD
  purls: []
  run_exports: {}
  size: 6769
  timestamp: 1788302828005
- conda: https://conda.anaconda.org/conda-forge/noarch/questionary-2.1.1-pyhd8ed1ab_0.conda
  sha256: 0604c6dff3af5f53e34fceb985395d08287137f220450108a795bcd1959caf14
  md5: 34fa231b5c5927684b03bb296bb94ddc
  depends:
  - prompt_toolkit >=2.0,<4.0
  - python >=3.10
  license: MIT
  license_family: MIT
  purls:
  - pkg:pypi/questionary?source=hash-mapping
  run_exports: {}
  size: 31257
  timestamp: 1757356458097
- conda: https://conda.anaconda.org/conda-forge/noarch/termcolor-3.3.0-pyhd8ed1ab_0.conda
  sha256: 2107f959cd2a8a804d52e124434088e1a28c843942b62a7f8a3d84072861f0ef
  md5: bc6228906129e420c74a5ebaf0d63936
  depends:
  - python >=3.10
  license: MIT
  license_family: MIT
  purls:
  - pkg:pypi/termcolor?source=hash-mapping
  run_exports: {}
  size: 13259
  timestamp: 1767096412722
- conda: https://conda.anaconda.org/conda-forge/noarch/tomli-2.4.1-pyhcf101f3_0.conda
  sha256: 91cafdb64268e43e0e10d30bd1bef5af392e69f00edd34dfaf909f69ab2da6bd
  md5: b5325cf06a000c5b14970462ff5e4d58
  depends:
  - python >=3.10
  - python
  license: MIT
  license_family: MIT
  purls:
  - pkg:pypi/tomli?source=hash-mapping
  run_exports: {}
  size: 21561
  timestamp: 1774492402955
- conda: https://conda.anaconda.org/conda-forge/noarch/tomlkit-0.15.1-pyhcf101f3_0.conda
  sha256: 5cf833b4d199688b7652fb322ecc134de9555e9444d9249750de9a153421ad0a
  md5: e4942e2de7436ff28be7f5645cf3c8d6
  depends:
  - python >=3.10
  - python
  license: MIT
  license_family: MIT
  purls:
  - pkg:pypi/tomlkit?source=hash-mapping
  run_exports: {}
  size: 49054
  timestamp: 1784287707171
- conda: https://conda.anaconda.org/conda-forge/noarch/typing_extensions-4.16.0-pyhcf101f3_0.conda
  sha256: 2d888f90af0686044882c74193ec80a90ec1943145d94a7b1b048958acda1848
  md5: c70ad746c22219b9700931707482992c
  depends:
  - python >=3.10
  - python
  license: PSF-2.0
  license_family: PSF
  purls:
  - pkg:pypi/typing-extensions?source=hash-mapping
  run_exports: {}
  size: 52631
  timestamp: 1783002732887
- conda: https://conda.anaconda.org/conda-forge/noarch/tzdata-2026c-h151e31d_0.conda
  sha256: b928c30ddcb0e3f544c6eade8352737e6e610e263276b90232db6a578ef899d8
  md5: fcb489df604d100968b737f2cb6076c6
  license: LicenseRef-Public-Domain
  purls: []
  run_exports: {}
  size: 118849
  timestamp: 1784250406640
- conda: https://conda.anaconda.org/conda-forge/win-64/ast-serialize-0.12.0-py311h66afae6_0.conda
  noarch: python
  sha256: d1853026e5d4374f2908b3da976debc77147eb33510004b0fa4680fb798c5f94
  md5: 426cc3c8edba7f19478a74c8bbde5c7f
  depends:
  - python >=3.11
  - vc >=14.3,<15
  - vc14_runtime >=14.44.35208
  - ucrt >=10.0.20348.0
  - _python_abi3_support 1.*
  - cpython >=3.11
  license: MIT
  license_family: MIT
  purls:
  - pkg:pypi/ast-serialize?source=compressed-mapping
  run_exports: {}
  size: 1110660
  timestamp: 1790973761397
- conda: https://conda.anaconda.org/conda-forge/win-64/bzip2-1.0.8-h0ad9c76_10.conda
  sha256: 04767466ee9227c9c57ab2c6503e0149177d34111c7418d2f420297acb1eb229
  md5: c3301c058362f340100d91cd8be0393f
  depends:
  - ucrt >=10.0.20348.0
  - vc >=14.3,<15
  - vc14_runtime >=14.44.35208
  license: bzip2-1.0.6
  license_family: BSD
  purls: []
  run_exports:
    weak:
    - bzip2 >=1.0.8,<2.0a0
  size: 55919
  timestamp: 1785906343696
- conda: https://conda.anaconda.org/conda-forge/win-64/charset-normalizer-3.5.2-h308a848_0.conda
  noarch: python
  sha256: 15ef0ff35f316beeb8d0ab045cb3c29655f0e38ed1ea49c56f5606d2ff2bc3e4
  md5: 9435e7be4c7a58a0baa36d1a96e4eea0
  depends:
  - python
  - vc >=14.3,<15
  - vc14_runtime >=14.44.35208
  - ucrt >=10.0.20348.0
  - _python_abi3_support 1.*
  - cpython >=3.9
  license: MIT
  license_family: MIT
  purls:
  - pkg:pypi/charset-normalizer?source=compressed-mapping
  run_exports: {}
  size: 174725
  timestamp: 1790766070886
- conda: https://conda.anaconda.org/conda-forge/win-64/commitizen-4.19.0-py313hfa70ccb_1.conda
  sha256: 834fae077762a856da6bfe06303ddca08dc138a8053d04bcd084195bc674eaf6
  md5: 6b484d0dba570735248e5b5a3bb5864a
  depends:
  - argcomplete <3.8,>=1.12.1
  - charset-normalizer <4,>=2.1.0
  - colorama <1.0,>=0.4.1
  - decli <1.0,>=0.6.0
  - deprecated <2,>=1.2.13
  - jinja2 >=2.10.3
  - packaging >=26
  - prompt-toolkit !=3.0.52
  - python >=3.13,<3.14.0a0
  - python_abi 3.13.* *_cp313
  - pyyaml >=3.8
  - questionary <3.0,>=2.0
  - termcolor <4.0.0,>=1.1.0
  - tomlkit <1.0.0,>=0.8.0
  license: MIT
  license_family: MIT
  purls:
  - pkg:pypi/commitizen?source=compressed-mapping
  run_exports: {}
  size: 255117
  timestamp: 1790591558195
- conda: https://conda.anaconda.org/conda-forge/win-64/libexpat-2.8.5-hac47afa_0.conda
  sha256: 70c73d9fd24ad996f2821d1501adae2ca70984b4e2d8faed76227f348ce86078
  md5: 4969128c45f9e71adbb6a1696679ce7f
  depends:
  - ucrt >=10.0.20348.0
  - vc >=14.3,<15
  - vc14_runtime >=14.44.35208
  constrains:
  - expat 2.8.5.*
  license: MIT
  license_family: MIT
  purls: []
  run_exports: {}
  size: 72107
  timestamp: 1790346254561
- conda: https://conda.anaconda.org/conda-forge/win-64/libffi-3.7.0-h3d046cb_1.conda
  sha256: 613e8077c5cca5df7fe84ade7d5050301bee3c6c4c450ffe61d34a349ab4f11c
  md5: ceb38b0ba900847d8da4289c3c8e5708
  depends:
  - ucrt >=10.0.20348.0
  - vc >=14.3,<15
  - vc14_runtime >=14.44.35208
  license: MIT
  license_family: MIT
  purls: []
  run_exports:
    weak:
    - libffi >=3.7.0,<3.8.0a0
  size: 49992
  timestamp: 1787753517346
- conda: https://conda.anaconda.org/conda-forge/win-64/liblzma-5.8.3-hfd05255_1.conda
  sha256: d36c4a1e1f80fd08e18a407e03622ff2f34dfdd022da6488ad19603dea19e6d5
  md5: 880a0c8549479b198af21ba5dc49b109
  depends:
  - ucrt >=10.0.20348.0
  - vc >=14.3,<15
  - vc14_runtime >=14.44.35208
  constrains:
  - xz 5.8.3.*
  license: 0BSD
  purls: []
  run_exports:
    weak:
    - liblzma >=5.8.3,<6.0a0
  size: 105809
  timestamp: 1786348717883
- conda: https://conda.anaconda.org/conda-forge/win-64/libmpdec-4.0.0-hfd05255_2.conda
  sha256: f07e451de3db1836b87f7aedf95c8e65cdb06c0e6105329ba24bb5f7b5c75e2a
  md5: 5ae92fd6614edd024576e14069d7ad4c
  depends:
  - ucrt >=10.0.20348.0
  - vc >=14.3,<15
  - vc14_runtime >=14.44.35208
  license: BSD-2-Clause
  license_family: BSD
  purls: []
  run_exports: {}
  size: 89109
  timestamp: 1786650384519
- conda: https://conda.anaconda.org/conda-forge/win-64/libpython-3.13.15-h4f90d01_103_cp313.conda
  build_number: 103
  sha256: 96478004ff0dbe470b309f3410ba5913cd0bc5f3d09f84e06669f409b0727a28
  md5: 639fa4ff11158b311ad35eb54072602a
  depends:
  - ucrt >=10.0.20348.0
  - vc >=14.3,<15
  - vc14_runtime >=14.44.35208
  license: Python-2.0
  purls: []
  run_exports: {}
  size: 49593
  timestamp: 1788386070017
- conda: https://conda.anaconda.org/conda-forge/win-64/libsqlite-3.53.4-hf5d6505_1.conda
  sha256: 0a45d7c0f20146fff787a106f8fa187872e309c70975ff8f0936e188914c26ad
  md5: a72d495965b144bb7da033642d389047
  depends:
  - ucrt >=10.0.20348.0
  - vc >=14.3,<15
  - vc14_runtime >=14.44.35208
  license: blessing
  purls: []
  run_exports:
    weak:
    - libsqlite >=3.53.4,<4.0a0
  size: 1314919
  timestamp: 1787051140039
- conda: https://conda.anaconda.org/conda-forge/win-64/libzlib-1.3.2-hfd05255_3.conda
  sha256: 0629c2cc0404d3bb29d6baa7b4ba62da80797015e86de050db81ea5a07050527
  md5: 5d2ff29d465097458cc3ff6569151991
  depends:
  - ucrt >=10.0.20348.0
  - vc >=14.3,<15
  - vc14_runtime >=14.44.35208
  constrains:
  - zlib 1.3.2 *_3
  license: Zlib
  license_family: Other
  purls: []
  run_exports:
    weak:
    - libzlib >=1.3.2,<2.0a0
  size: 58529
  timestamp: 1785276664143
- conda: https://conda.anaconda.org/conda-forge/win-64/markupsafe-3.0.4-py313hd650c13_0.conda
  sha256: 0df91b7cb7f92d6a3d7f50b4c224d74d23c0cf317c98ed4244a4313af71b58e9
  md5: 175dc7d3e204c0f06e4de304294c2f45
  depends:
  - python >=3.13,<3.14.0a0
  - python_abi 3.13.* *_cp313
  - ucrt >=10.0.20348.0
  - vc >=14.3,<15
  - vc14_runtime >=14.44.35208
  constrains:
  - jinja2 >=3.0.0
  license: BSD-3-Clause
  license_family: BSD
  purls:
  - pkg:pypi/markupsafe?source=compressed-mapping
  run_exports: {}
  size: 29418
  timestamp: 1791014816739
- conda: https://conda.anaconda.org/conda-forge/win-64/mypy-2.4.0-py313h5fd188c_0.conda
  sha256: cbef9359e3d16cdb39bb76b3f7865f671198cb46a1aa77aae96c401771142ec3
  md5: 466a0a3ce5b6ab2228ad8d74c1eeb883
  depends:
  - ast-serialize >=0.11.2,<1.0.0
  - mypy_extensions >=1.0.0
  - pathspec >=1.0.0
  - python
  - python-librt >=0.16.0
  - typing_extensions >=4.14.0
  - psutil >=4.0
  - vc >=14.3,<15
  - vc14_runtime >=14.44.35208
  - ucrt >=10.0.20348.0
  - python_abi 3.13.* *_cp313
  license: MIT
  license_family: MIT
  purls:
  - pkg:pypi/mypy?source=compressed-mapping
  run_exports: {}
  size: 10921665
  timestamp: 1790965626963
- conda: https://conda.anaconda.org/conda-forge/win-64/openssl-3.6.5-hf411b9b_0.conda
  sha256: bc44625e0c6d83f3e02b5f6adc01e0e3ca7001d3d94e24959591a57f5a011b9a
  md5: f002ec2237836867bfd3d1299a6005da
  depends:
  - ca-certificates
  - ucrt >=10.0.20348.0
  - vc >=14.3,<15
  - vc14_runtime >=14.44.35208
  license: Apache-2.0
  license_family: Apache
  purls: []
  run_exports:
    weak:
    - openssl >=3.6.5,<4.0a0
  size: 9402647
  timestamp: 1791099870810
- conda: https://conda.anaconda.org/conda-forge/win-64/psutil-7.2.2-py313h5fd188c_3.conda
  sha256: 58cc056a4c3f249ecb8ca815b323f77348e45ea9ab5359705e6fbfc28896d594
  md5: a29992816604027a6c51f4a5d93ec064
  depends:
  - python
  - vc >=14.3,<15
  - vc14_runtime >=14.44.35208
  - ucrt >=10.0.20348.0
  - python_abi 3.13.* *_cp313
  license: BSD-3-Clause
  license_family: BSD
  purls:
  - pkg:pypi/psutil?source=compressed-mapping
  run_exports: {}
  size: 246208
  timestamp: 1789682049174
- conda: https://conda.anaconda.org/conda-forge/win-64/python-3.13.15-h254dcb4_103_cp313.conda
  build_number: 103
  sha256: 097e081574bf96282082915f78a83480361285137370c8cc35e2c51d693a0690
  md5: 2d8102b111d57538db189c62ce291922
  depends:
  - bzip2 >=1.0.8,<2.0a0
  - libexpat >=2.8.1,<3.0a0
  - libffi >=3.7.0,<3.8.0a0
  - liblzma >=5.8.3,<6.0a0
  - libmpdec >=4.0.0,<5.0a0
  - libpython 3.13.15 h4f90d01_103_cp313
  - libsqlite >=3.53.4,<4.0a0
  - libzlib >=1.3.2,<2.0a0
  - openssl >=3.5.8,<4.0a0
  - python_abi 3.13.* *_cp313
  - tk >=8.6.13,<8.7.0a0
  - tzdata
  - ucrt >=10.0.20348.0
  - vc >=14.3,<15
  - vc14_runtime >=14.44.35208
  license: Python-2.0
  purls: []
  run_exports:
    weak:
    - python_abi 3.13.* *_cp313
    noarch:
    - python
  size: 16499711
  timestamp: 1788386151784
  python_site_packages_path: Lib/site-packages
- conda: https://conda.anaconda.org/conda-forge/win-64/python-librt-0.16.0-py313h5fd188c_0.conda
  sha256: a428b279e3233f6f7b1416292fe9fe5a9c6909aecd972c1510b01b464c13f451
  md5: cb26d3ce4fce50d466f6a78ced5b71ab
  depends:
  - python
  - vc >=14.3,<15
  - vc14_runtime >=14.44.35208
  - ucrt >=10.0.20348.0
  - python_abi 3.13.* *_cp313
  license: MIT
  license_family: MIT
  purls:
  - pkg:pypi/librt?source=compressed-mapping
  run_exports: {}
  size: 113383
  timestamp: 1790684471409
- conda: https://conda.anaconda.org/conda-forge/win-64/pyyaml-6.0.3-py313hd650c13_1.conda
  sha256: dfaed50de8ee72a51096163b87631921688851001e38c78a841eba1ae8b35889
  md5: c1bdb8dd255c79fb9c428ad25cc6ee54
  depends:
  - python >=3.13,<3.14.0a0
  - python_abi 3.13.* *_cp313
  - ucrt >=10.0.20348.0
  - vc >=14.3,<15
  - vc14_runtime >=14.44.35208
  - yaml >=0.2.5,<0.3.0a0
  license: MIT
  license_family: MIT
  purls:
  - pkg:pypi/pyyaml?source=hash-mapping
  run_exports: {}
  size: 180992
  timestamp: 1770223457761
- conda: https://conda.anaconda.org/conda-forge/win-64/tk-8.6.13-h967ab96_4.conda
  sha256: f19618a3a82cc483dacf1c70a30367ee7b0c7e71b90f1f80e14feff44fbd3688
  md5: dd9eb33c99d352b6356f86964d6040f7
  depends:
  - vc >=14.3,<15
  - vc14_runtime >=14.44.35208
  - ucrt >=10.0.20348.0
  license: TCL
  purls: []
  run_exports:
    weak:
    - tk >=8.6.13,<8.7.0a0
  size: 3782376
  timestamp: 1787272860855
- conda: https://conda.anaconda.org/conda-forge/win-64/ucrt-10.0.26100.0-h57928b3_0.conda
  sha256: 3005729dce6f3d3f5ec91dfc49fc75a0095f9cd23bab49efb899657297ac91a5
  md5: 71b24316859acd00bdb8b38f5e2ce328
  constrains:
  - vc14_runtime >=14.29.30037
  - vs2015_runtime >=14.29.30037
  license: LicenseRef-MicrosoftWindowsSDK10
  purls: []
  run_exports: {}
  size: 694692
  timestamp: 1756385147981
- conda: https://conda.anaconda.org/conda-forge/win-64/vc-14.5-ha367084_41.conda
  sha256: 35444c55a92e2f7f7ba26bc70f81e56e52344f7d064c0fd4b40a46a58517b79c
  md5: aa805b5522c2a98fa286e551a1f48546
  depends:
  - vc14_runtime >=14.51.36247
  track_features:
  - vc14
  license: BSD-3-Clause
  license_family: BSD
  purls: []
  run_exports: {}
  size: 21383
  timestamp: 1785359368566
- conda: https://conda.anaconda.org/conda-forge/win-64/vc14_runtime-14.51.36247-habf1de7_41.conda
  sha256: 4e4cb599cdc41bf2109d1464c127b5bcbddf548ce3e322e612afb691338b48f8
  md5: ac5333bb3d429361f23adf704cc49a78
  depends:
  - ucrt >=10.0.20348.0
  - vcomp14 14.51.36247 habf1de7_41
  constrains:
  - vs2015_runtime 14.51.36247.* *_41
  license: LicenseRef-MicrosoftVisualCpp2015-2022Runtime
  license_family: Proprietary
  purls: []
  run_exports: {}
  size: 767955
  timestamp: 1785359364369
- conda: https://conda.anaconda.org/conda-forge/win-64/vcomp14-14.51.36247-habf1de7_41.conda
  sha256: 731e043390c9457299484d39e427221fc868a9249540a498a5a4f6456c7744d1
  md5: 350bb67a5c8e5f1c53347ac544ab6600
  depends:
  - ucrt >=10.0.20348.0
  constrains:
  - vs2015_runtime 14.51.36247.* *_41
  license: LicenseRef-MicrosoftVisualCpp2015-2022Runtime
  license_family: Proprietary
  purls: []
  run_exports:
    strong:
    - vcomp14 >=14.51.36247
  size: 155910
  timestamp: 1785359349999
- conda: https://conda.anaconda.org/conda-forge/win-64/wcwidth-0.9.1-py311hdbcae8a_3.conda
  noarch: python
  sha256: a15737e366b96806879c3377eb15bd32264dd7d54ae4cd0604d09a418235d4db
  md5: 08f3245138313dd183afb31140d98f3f
  depends:
  - python
  - python >=3.11
  - python-abi3
  - vc >=14.3,<15
  - vc14_runtime >=14.44.35208
  - ucrt >=10.0.20348.0
  - _python_abi3_support 1.*
  - cpython >=3.11
  license: MIT
  license_family: MIT
  purls:
  - pkg:pypi/wcwidth?source=compressed-mapping
  run_exports: {}
  size: 347318
  timestamp: 1791057303053
- conda: https://conda.anaconda.org/conda-forge/win-64/wrapt-2.5.0-py313h5fd188c_0.conda
  sha256: 5f5a9603be83a715d18a3825513ff2684d426ed143c6fc3e61d9b29082374dfd
  md5: 3a58c1ce6d59d64b8c0ec95c32229a49
  depends:
  - python
  - vc >=14.3,<15
  - vc14_runtime >=14.44.35208
  - ucrt >=10.0.20348.0
  - python_abi 3.13.* *_cp313
  license: BSD-2-Clause
  license_family: BSD
  purls:
  - pkg:pypi/wrapt?source=compressed-mapping
  run_exports: {}
  size: 150008
  timestamp: 1790502472898
- conda: https://conda.anaconda.org/conda-forge/win-64/yaml-0.2.5-h6a83c73_3.conda
  sha256: 80ee68c1e7683a35295232ea79bcc87279d31ffeda04a1665efdb43cbd50a309
  md5: 433699cba6602098ae8957a323da2664
  depends:
  - vc >=14.3,<15
  - vc14_runtime >=14.44.35208
  - ucrt >=10.0.20348.0
  - vc >=14.3,<15
  - vc14_runtime >=14.44.35208
  - ucrt >=10.0.20348.0
  license: MIT
  license_family: MIT
  purls: []
  run_exports:
    weak:
    - yaml >=0.2.5,<0.3.0a0
  size: 63944
  timestamp: 1753484092156
